<?xml version="1.0" encoding="UTF-8"?><CONFIG><ProjectOptions><General><MainUnit Value="0"/><Title Value="WebRTC DataChannel Demo"/><UseAppBundle Value="False"/></General><Units Count="2"><Unit0><Filename Value="webrtc_datachannel_demo.lpr"/><IsPartOfProject Value="True"/></Unit0><Unit1><Filename Value="main.pas"/><IsPartOfProject Value="True"/></Unit1></Units></ProjectOptions><CompilerOptions><SearchPaths><OtherUnitFiles Value="../../../AI Communication/AIWebRTC;../../../AI"/></SearchPaths><Linking><Options><Win32><GraphicApplication Value="True"/></Win32></Options></Linking></CompilerOptions></CONFIG>