<?xml version="1.0" encoding="UTF-8"?>
<CONFIG>
  <ProjectOptions>
    <Version Value="12"/>
    <General>
      <SessionStorage Value="InProjectDir"/>
      <Title Value="source_fix_agent_demo"/>
      <UseAppBundle Value="False"/>
      <ResourceType Value="res"/>
    </General>
    <BuildModes Count="1">
      <Item1 Name="Default" Default="True"/>
    </BuildModes>
    <RequiredPackages Count="1">
      <Item1><PackageName Value="openai_agent"/></Item1>
    </RequiredPackages>
    <Units Count="1">
      <Unit0>
        <Filename Value="source_fix_agent_demo.lpr"/>
        <IsPartOfProject Value="True"/>
      </Unit0>
    </Units>
  </ProjectOptions>
  <CompilerOptions>
    <Version Value="11"/>
    <Target><Filename Value="bin/$(TargetCPU)-$(TargetOS)/source_fix_agent_demo"/></Target>
    <UnitOutputDirectory Value="lib/$(TargetCPU)-$(TargetOS)"/>
  </CompilerOptions>
</CONFIG>
