<?xml version="1.0" encoding="UTF-8"?>
<CONFIG>
  <ProjectOptions>
    <Version Value="12"/>
    <General>
      <Flags>
        <MainUnitHasCreateFormStatements Value="True"/>
        <MainUnitHasTitleStatement Value="True"/>
      </Flags>
      <SessionStorage Value="InProjectDir"/>
      <Title Value="CHATGPTInstaller"/>
      <UseAppBundle Value="False"/>
      <ResourceType Value="res"/>
    </General>
    <BuildModes Count="2" Active="Release64">
      <Item1 Name="Release64">
        <CompilerOptions>
          <Version Value="11"/>
          <Target>
            <Filename Value="Installer_64"/>
          </Target>
          <SearchPaths>
            <IncludeFiles Value="$(ProjOutDir)"/>
            <UnitOutputDirectory Value="lib\$(TargetCPU)-$(TargetOS)"/>
          </SearchPaths>
          <CodeGeneration>
            <TargetCPU Value="x86_64"/>
            <TargetOS Value="win64"/>
            <Optimizations>
              <OptimizationLevel Value="3"/>
            </Optimizations>
          </CodeGeneration>
          <Linking>
            <Options>
              <Win32>
                <GraphicApplication Value="True"/>
              </Win32>
            </Options>
          </Linking>
        </CompilerOptions>
      </Item1>
      <Item2 Name="Release32">
        <CompilerOptions>
          <Version Value="11"/>
          <Target>
            <Filename Value="Installer_32"/>
          </Target>
          <SearchPaths>
            <IncludeFiles Value="$(ProjOutDir)"/>
            <UnitOutputDirectory Value="lib\$(TargetCPU)-$(TargetOS)"/>
          </SearchPaths>
          <CodeGeneration>
            <TargetCPU Value="i386"/>
            <TargetOS Value="win32"/>
            <Optimizations>
              <OptimizationLevel Value="3"/>
            </Optimizations>
          </CodeGeneration>
          <Linking>
            <Options>
              <Win32>
                <GraphicApplication Value="True"/>
              </Win32>
            </Options>
          </Linking>
        </CompilerOptions>
      </Item2>
    </BuildModes>
    <Units Count="3">
      <Unit0>
        <Filename Value="installer.lpr"/>
        <IsPartOfProject Value="True"/>
      </Unit0>
      <Unit1>
        <Filename Value="uinstaller.pas"/>
        <IsPartOfProject Value="True"/>
      </Unit1>
      <Unit2>
        <Filename Value="installer_engine.pas"/>
        <IsPartOfProject Value="True"/>
      </Unit2>
    </Units>
  </ProjectOptions>
  <CompilerOptions>
    <Version Value="11"/>
  </CompilerOptions>
  <Debugging>
    <Exceptions Count="3">
      <Item1><Name Value="EAbort"/></Item1>
      <Item2><Name Value="ECodetoolError"/></Item2>
      <Item3><Name Value="EFOpenError"/></Item3>
    </Exceptions>
  </Debugging>
</CONFIG>
